
Microsoft Visual Studio Solution File, Format Version 12.00
# Visual Studio Version 17
VisualStudioVersion = 17.1.32210.238
MinimumVisualStudioVersion = 10.0.40219.1
Project("{2150E333-8FDC-42A3-9474-1A3956D46DE8}") = "src", "src", "{DC672DC2-EEEB-49B0-B88E-2A9ED863DF33}"
EndProject
Project("{9A19103F-16F7-4668-BE54-9A1E7A4F7556}") = "Domain", "Domain\Domain.csproj", "{5EFBC282-9A77-4C08-A72B-0ED778F4568B}"
EndProject
Project("{9A19103F-16F7-4668-BE54-9A1E7A4F7556}") = "Common", "Common\Common.csproj", "{D9DEF47B-6D01-484E-8382-552C173E5D18}"
EndProject
Project("{9A19103F-16F7-4668-BE54-9A1E7A4F7556}") = "Infrastructure", "Infrastructure\Infrastructure.csproj", "{C76BF27F-9CE3-4FB4-93A2-805BF4DC0DCE}"
EndProject
Project("{9A19103F-16F7-4668-BE54-9A1E7A4F7556}") = "WebAPI", "WebAPI\WebAPI.csproj", "{F32D699C-D707-40F6-B7B2-9BC570ACF031}"
EndProject
Project("{9A19103F-16F7-4668-BE54-9A1E7A4F7556}") = "Application", "Application\Application.csproj", "{65C15489-CCC1-49AA-A207-FA3CB4B77E66}"
EndProject
Project("{FAE04EC0-301F-11D3-BF4B-00C04F79EFBC}") = "Abstractions", "Abstractions\Abstractions.csproj", "{45F820A9-1869-4D31-B81E-A25933B5B3D1}"
EndProject
Global
	GlobalSection(SolutionConfigurationPlatforms) = preSolution
		Debug|Any CPU = Debug|Any CPU
		Release|Any CPU = Release|Any CPU
	EndGlobalSection
	GlobalSection(ProjectConfigurationPlatforms) = postSolution
		{5EFBC282-9A77-4C08-A72B-0ED778F4568B}.Debug|Any CPU.ActiveCfg = Debug|Any CPU
		{5EFBC282-9A77-4C08-A72B-0ED778F4568B}.Debug|Any CPU.Build.0 = Debug|Any CPU
		{5EFBC282-9A77-4C08-A72B-0ED778F4568B}.Release|Any CPU.ActiveCfg = Release|Any CPU
		{5EFBC282-9A77-4C08-A72B-0ED778F4568B}.Release|Any CPU.Build.0 = Release|Any CPU
		{D9DEF47B-6D01-484E-8382-552C173E5D18}.Debug|Any CPU.ActiveCfg = Debug|Any CPU
		{D9DEF47B-6D01-484E-8382-552C173E5D18}.Debug|Any CPU.Build.0 = Debug|Any CPU
		{D9DEF47B-6D01-484E-8382-552C173E5D18}.Release|Any CPU.ActiveCfg = Release|Any CPU
		{D9DEF47B-6D01-484E-8382-552C173E5D18}.Release|Any CPU.Build.0 = Release|Any CPU
		{C76BF27F-9CE3-4FB4-93A2-805BF4DC0DCE}.Debug|Any CPU.ActiveCfg = Debug|Any CPU
		{C76BF27F-9CE3-4FB4-93A2-805BF4DC0DCE}.Debug|Any CPU.Build.0 = Debug|Any CPU
		{C76BF27F-9CE3-4FB4-93A2-805BF4DC0DCE}.Release|Any CPU.ActiveCfg = Release|Any CPU
		{C76BF27F-9CE3-4FB4-93A2-805BF4DC0DCE}.Release|Any CPU.Build.0 = Release|Any CPU
		{F32D699C-D707-40F6-B7B2-9BC570ACF031}.Debug|Any CPU.ActiveCfg = Debug|Any CPU
		{F32D699C-D707-40F6-B7B2-9BC570ACF031}.Debug|Any CPU.Build.0 = Debug|Any CPU
		{F32D699C-D707-40F6-B7B2-9BC570ACF031}.Release|Any CPU.ActiveCfg = Release|Any CPU
		{F32D699C-D707-40F6-B7B2-9BC570ACF031}.Release|Any CPU.Build.0 = Release|Any CPU
		{65C15489-CCC1-49AA-A207-FA3CB4B77E66}.Debug|Any CPU.ActiveCfg = Debug|Any CPU
		{65C15489-CCC1-49AA-A207-FA3CB4B77E66}.Debug|Any CPU.Build.0 = Debug|Any CPU
		{65C15489-CCC1-49AA-A207-FA3CB4B77E66}.Release|Any CPU.ActiveCfg = Release|Any CPU
		{65C15489-CCC1-49AA-A207-FA3CB4B77E66}.Release|Any CPU.Build.0 = Release|Any CPU
		{45F820A9-1869-4D31-B81E-A25933B5B3D1}.Debug|Any CPU.ActiveCfg = Debug|Any CPU
		{45F820A9-1869-4D31-B81E-A25933B5B3D1}.Debug|Any CPU.Build.0 = Debug|Any CPU
		{45F820A9-1869-4D31-B81E-A25933B5B3D1}.Release|Any CPU.ActiveCfg = Release|Any CPU
		{45F820A9-1869-4D31-B81E-A25933B5B3D1}.Release|Any CPU.Build.0 = Release|Any CPU
	EndGlobalSection
	GlobalSection(SolutionProperties) = preSolution
		HideSolutionNode = FALSE
	EndGlobalSection
	GlobalSection(NestedProjects) = preSolution
		{5EFBC282-9A77-4C08-A72B-0ED778F4568B} = {DC672DC2-EEEB-49B0-B88E-2A9ED863DF33}
		{D9DEF47B-6D01-484E-8382-552C173E5D18} = {DC672DC2-EEEB-49B0-B88E-2A9ED863DF33}
		{C76BF27F-9CE3-4FB4-93A2-805BF4DC0DCE} = {DC672DC2-EEEB-49B0-B88E-2A9ED863DF33}
		{F32D699C-D707-40F6-B7B2-9BC570ACF031} = {DC672DC2-EEEB-49B0-B88E-2A9ED863DF33}
		{65C15489-CCC1-49AA-A207-FA3CB4B77E66} = {DC672DC2-EEEB-49B0-B88E-2A9ED863DF33}
		{45F820A9-1869-4D31-B81E-A25933B5B3D1} = {DC672DC2-EEEB-49B0-B88E-2A9ED863DF33}
	EndGlobalSection
	GlobalSection(ExtensibilityGlobals) = postSolution
		SolutionGuid = {16091EFE-5711-446A-B56A-CD90BB838285}
	EndGlobalSection
EndGlobal
